
Microsoft Visual Studio Solution File, Format Version 12.00
# Visual Studio Version 16
VisualStudioVersion = 16.0.28803.156
MinimumVisualStudioVersion = 10.0.40219.1
Project("{FAE04EC0-301F-11D3-BF4B-00C04F79EFBC}") = "Arithmatic", "Arithmatic\Arithmatic.csproj", "{45C91B68-FD66-4501-B0A9-E72682091175}"
EndProject
Global
	GlobalSection(SolutionConfigurationPlatforms) = preSolution
		Debug|Any CPU = Debug|Any CPU
		Release|Any CPU = Release|Any CPU
	EndGlobalSection
	GlobalSection(ProjectConfigurationPlatforms) = postSolution
		{45C91B68-FD66-4501-B0A9-E72682091175}.Debug|Any CPU.ActiveCfg = Debug|Any CPU
		{45C91B68-FD66-4501-B0A9-E72682091175}.Debug|Any CPU.Build.0 = Debug|Any CPU
		{45C91B68-FD66-4501-B0A9-E72682091175}.Release|Any CPU.ActiveCfg = Release|Any CPU
		{45C91B68-FD66-4501-B0A9-E72682091175}.Release|Any CPU.Build.0 = Release|Any CPU
	EndGlobalSection
	GlobalSection(SolutionProperties) = preSolution
		HideSolutionNode = FALSE
	EndGlobalSection
	GlobalSection(ExtensibilityGlobals) = postSolution
		SolutionGuid = {BEF89C1F-BDA2-4D64-B558-253E4BA71BB0}
	EndGlobalSection
EndGlobal
